<?xml version="1.0" encoding="utf-8"?>
<Project ToolsVersion="4.0" xmlns="http://schemas.microsoft.com/developer/msbuild/2003">
  <ItemGroup>
    <Filter Include="Source Files">
      <UniqueIdentifier>{4FC737F1-C7A5-4376-A066-2A32D752A2FF}</UniqueIdentifier>
      <Extensions>cpp;c;cc;cxx;def;odl;idl;hpj;bat;asm;asmx</Extensions>
    </Filter>
    <Filter Include="Header Files">
      <UniqueIdentifier>{93995380-89BD-4b04-88EB-625FBE52EBFB}</UniqueIdentifier>
      <Extensions>h;hh;hpp;hxx;hm;inl;inc;ipp;xsd</Extensions>
    </Filter>
    <Filter Include="Resource Files">
      <UniqueIdentifier>{67DA6AB6-F800-4c08-8B7A-83BB121AAD01}</UniqueIdentifier>
      <Extensions>rc;ico;cur;bmp;dlg;rc2;rct;bin;rgs;gif;jpg;jpeg;jpe;resx;tiff;tif;png;wav;mfcribbon-ms</Extensions>
    </Filter>
  </ItemGroup>
  <ItemGroup>
    <ClInclude Include="pch.hpp">
      <Filter>Header Files</Filter>
    </ClInclude>
    <ClInclude Include="drvload.hpp">
      <Filter>Header Files</Filter>
    </ClInclude>
    <ClInclude Include="fileopt.hpp">
      <Filter>Header Files</Filter>
    </ClInclude>
    <ClInclude Include="procopt.hpp">
      <Filter>Header Files</Filter>
    </ClInclude>
    <ClInclude Include="regopt.hpp">
      <Filter>Header Files</Filter>
    </ClInclude>
    <ClInclude Include="utils.hpp">
      <Filter>Header Files</Filter>
    </ClInclude>
    <ClInclude Include="singleton.hpp">
      <Filter>Header Files</Filter>
    </ClInclude>
    <ClInclude Include="refobject.hpp">
      <Filter>Header Files</Filter>
    </ClInclude>
    <ClInclude Include="thread.hpp">
      <Filter>Header Files</Filter>
    </ClInclude>
    <ClInclude Include="buffer.hpp">
      <Filter>Header Files</Filter>
    </ClInclude>
    <ClInclude Include="logger.hpp">
      <Filter>Header Files</Filter>
    </ClInclude>
    <ClInclude Include="monctl.hpp">
      <Filter>Header Files</Filter>
    </ClInclude>
    <ClInclude Include="procmgr.hpp">
      <Filter>Header Files</Filter>
    </ClInclude>
    <ClInclude Include="process.hpp">
      <Filter>Header Files</Filter>
    </ClInclude>
    <ClInclude Include="module.hpp">
      <Filter>Header Files</Filter>
    </ClInclude>
    <ClInclude Include="viewer.hpp">
      <Filter>Header Files</Filter>
    </ClInclude>
    <ClInclude Include="eventfactory.hpp">
      <Filter>Header Files</Filter>
    </ClInclude>
    <ClInclude Include="eventmgr.hpp">
      <Filter>Header Files</Filter>
    </ClInclude>
    <ClInclude Include="eventview.hpp">
      <Filter>Header Files</Filter>
    </ClInclude>
    <ClInclude Include="event.hpp">
      <Filter>Header Files</Filter>
    </ClInclude>
    <ClInclude Include="kernelsdk.hpp">
      <Filter>Header Files</Filter>
    </ClInclude>
    <ClInclude Include="sdk.hpp">
      <Filter>Header Files</Filter>
    </ClInclude>
    <ClInclude Include="fltuser.hpp">
      <Filter>Header Files</Filter>
    </ClInclude>
    <ClInclude Include="strmaps.hpp">
      <Filter>Header Files</Filter>
    </ClInclude>
  </ItemGroup>
  <ItemGroup>
    <ClCompile Include="pch.cxx">
      <Filter>Source Files</Filter>
    </ClCompile>
    <ClCompile Include="drvload.cxx">
      <Filter>Source Files</Filter>
    </ClCompile>
    <ClCompile Include="thread.cxx">
      <Filter>Source Files</Filter>
    </ClCompile>
    <ClCompile Include="buffer.cxx">
      <Filter>Source Files</Filter>
    </ClCompile>
    <ClCompile Include="logger.cxx">
      <Filter>Source Files</Filter>
    </ClCompile>
    <ClCompile Include="monctl.cxx">
      <Filter>Source Files</Filter>
    </ClCompile>
    <ClCompile Include="procmgr.cxx">
      <Filter>Source Files</Filter>
    </ClCompile>
    <ClCompile Include="process.cxx">
      <Filter>Source Files</Filter>
    </ClCompile>
    <ClCompile Include="module.cxx">
      <Filter>Source Files</Filter>
    </ClCompile>
    <ClCompile Include="procopt.cxx">
      <Filter>Source Files</Filter>
    </ClCompile>
    <ClCompile Include="fileopt.cxx">
      <Filter>Source Files</Filter>
    </ClCompile>
    <ClCompile Include="viewer.cxx">
      <Filter>Source Files</Filter>
    </ClCompile>
    <ClCompile Include="eventfactory.cxx">
      <Filter>Source Files</Filter>
    </ClCompile>
    <ClCompile Include="eventmgr.cxx">
      <Filter>Source Files</Filter>
    </ClCompile>
    <ClCompile Include="eventview.cxx">
      <Filter>Source Files</Filter>
    </ClCompile>
    <ClCompile Include="event.cxx">
      <Filter>Source Files</Filter>
    </ClCompile>
    <ClCompile Include="utils.cxx">
      <Filter>Source Files</Filter>
    </ClCompile>
    <ClCompile Include="strmaps.cxx">
      <Filter>Source Files</Filter>
    </ClCompile>
    <ClCompile Include="regopt.cxx">
      <Filter>Source Files</Filter>
    </ClCompile>
  </ItemGroup>
</Project>