<?xml version="1.0" encoding="utf-8"?>
<Project ToolsVersion="4.0" xmlns="http://schemas.microsoft.com/developer/msbuild/2003">
  <ItemGroup>
    <Filter Include="Source Files">
      <UniqueIdentifier>{99530944-f98a-49be-b4ba-6e6fee24177f}</UniqueIdentifier>
      <Extensions>cpp;c;cxx;def;odl;idl;hpj;bat;asm</Extensions>
    </Filter>
    <Filter Include="Header Files">
      <UniqueIdentifier>{fde2df5e-29d4-467a-80fb-069ca52c8367}</UniqueIdentifier>
      <Extensions>h;hpp;hxx;hm;inl;inc</Extensions>
    </Filter>
    <Filter Include="Resource Files">
      <UniqueIdentifier>{307fa78e-d1cb-47ac-b370-352cbd4d6356}</UniqueIdentifier>
      <Extensions>rc;ico;cur;bmp;dlg;rc2;rct;bin;rgs;jpg;jpeg;jpe;manifest</Extensions>
    </Filter>
  </ItemGroup>
  <ItemGroup>
    <ClCompile Include="stdafx.cpp">
      <Filter>Source Files</Filter>
    </ClCompile>
    <ClCompile Include="dataview.cpp">
      <Filter>Source Files</Filter>
    </ClCompile>
    <ClCompile Include="propevent.cpp">
      <Filter>Source Files</Filter>
    </ClCompile>
    <ClCompile Include="propdlg.cpp">
      <Filter>Source Files</Filter>
    </ClCompile>
    <ClCompile Include="main.cpp">
      <Filter>Source Files</Filter>
    </ClCompile>
    <ClCompile Include="filter.cpp">
      <Filter>Source Files</Filter>
    </ClCompile>
    <ClCompile Include="filtermgr.cpp">
      <Filter>Source Files</Filter>
    </ClCompile>
    <ClCompile Include="propstack.cpp">
      <Filter>Source Files</Filter>
    </ClCompile>
  </ItemGroup>
  <ItemGroup>
    <ClInclude Include="stdafx.h">
      <Filter>Header Files</Filter>
    </ClInclude>
    <ClInclude Include="MainFrm.h">
      <Filter>Header Files</Filter>
    </ClInclude>
    <ClInclude Include="View.h">
      <Filter>Header Files</Filter>
    </ClInclude>
    <ClInclude Include="AboutDlg.h">
      <Filter>Header Files</Filter>
    </ClInclude>
    <ClInclude Include="resource.h">
      <Filter>Header Files</Filter>
    </ClInclude>
    <ClInclude Include="propproc.h">
      <Filter>Header Files</Filter>
    </ClInclude>
    <ClInclude Include="propstack.h">
      <Filter>Header Files</Filter>
    </ClInclude>
    <ClInclude Include="dataview.h">
      <Filter>Header Files</Filter>
    </ClInclude>
    <ClInclude Include="propdlg.h">
      <Filter>Header Files</Filter>
    </ClInclude>
    <ClInclude Include="propevent.h">
      <Filter>Header Files</Filter>
    </ClInclude>
    <ClInclude Include="filter.hpp">
      <Filter>Header Files</Filter>
    </ClInclude>
    <ClInclude Include="filtermgr.h">
      <Filter>Header Files</Filter>
    </ClInclude>
    <ClInclude Include="fltprocess.h">
      <Filter>Header Files</Filter>
    </ClInclude>
    <ClInclude Include="filerdlg.h">
      <Filter>Header Files</Filter>
    </ClInclude>
  </ItemGroup>
  <ItemGroup>
    <ResourceCompile Include="procmon_gui.rc">
      <Filter>Resource Files</Filter>
    </ResourceCompile>
  </ItemGroup>
  <ItemGroup>
    <Image Include="res\toolbar.bmp">
      <Filter>Resource Files</Filter>
    </Image>
    <Image Include="res\procmon_gui.ico">
      <Filter>Resource Files</Filter>
    </Image>
    <Image Include="res\icon1.ico">
      <Filter>Resource Files</Filter>
    </Image>
    <Image Include="res\tool.bmp">
      <Filter>Resource Files</Filter>
    </Image>
    <Image Include="res\file.ico">
      <Filter>Resource Files</Filter>
    </Image>
    <Image Include="res\process.ico">
      <Filter>Resource Files</Filter>
    </Image>
    <Image Include="res\registry.ico">
      <Filter>Resource Files</Filter>
    </Image>
  </ItemGroup>
</Project>